// !$*UTF8*$!
{
	archiveVersion = 1;
	classes = {
	};
	objectVersion = 46;
	objects = {

/* Begin PBXBuildFile section */
		C78DB08818B2563C005E7C93 /* Accelerate.framework in Frameworks */ = {isa = PBXBuildFile; fileRef = C78DB08718B2563C005E7C93 /* Accelerate.framework */; };
		C78DB09F18B25AC5005E7C93 /* Axb.c in Sources */ = {isa = PBXBuildFile; fileRef = C78DB08B18B25AC5005E7C93 /* Axb.c */; };
		C78DB0A118B25AC5005E7C93 /* expfit.c in Sources */ = {isa = PBXBuildFile; fileRef = C78DB08E18B25AC5005E7C93 /* expfit.c */; };
		C78DB0A218B25AC5005E7C93 /* lm.c in Sources */ = {isa = PBXBuildFile; fileRef = C78DB09018B25AC5005E7C93 /* lm.c */; };
		C78DB0A418B25AC5005E7C93 /* lmbc.c in Sources */ = {isa = PBXBuildFile; fileRef = C78DB09318B25AC5005E7C93 /* lmbc.c */; };
		C78DB0A618B25AC5005E7C93 /* lmblec.c in Sources */ = {isa = PBXBuildFile; fileRef = C78DB09518B25AC5005E7C93 /* lmblec.c */; };
		C78DB0A818B25AC5005E7C93 /* lmbleic.c in Sources */ = {isa = PBXBuildFile; fileRef = C78DB09718B25AC5005E7C93 /* lmbleic.c */; };
		C78DB0AB18B25AC5005E7C93 /* lmlec.c in Sources */ = {isa = PBXBuildFile; fileRef = C78DB09A18B25AC5005E7C93 /* lmlec.c */; };
		C78DB0AD18B25AC5005E7C93 /* misc.c in Sources */ = {isa = PBXBuildFile; fileRef = C78DB09C18B25AC5005E7C93 /* misc.c */; };
/* End PBXBuildFile section */

/* Begin PBXFileReference section */
		C78DB08718B2563C005E7C93 /* Accelerate.framework */ = {isa = PBXFileReference; lastKnownFileType = wrapper.framework; name = Accelerate.framework; path = System/Library/Frameworks/Accelerate.framework; sourceTree = SDKROOT; };
		C78DB08B18B25AC5005E7C93 /* Axb.c */ = {isa = PBXFileReference; fileEncoding = 4; lastKnownFileType = sourcecode.c.c; path = Axb.c; sourceTree = "<group>"; };
		C78DB08D18B25AC5005E7C93 /* compiler.h */ = {isa = PBXFileReference; fileEncoding = 4; lastKnownFileType = sourcecode.c.h; path = compiler.h; sourceTree = "<group>"; };
		C78DB08E18B25AC5005E7C93 /* expfit.c */ = {isa = PBXFileReference; fileEncoding = 4; lastKnownFileType = sourcecode.c.c; path = expfit.c; sourceTree = "<group>"; };
		C78DB08F18B25AC5005E7C93 /* levmar.h */ = {isa = PBXFileReference; fileEncoding = 4; lastKnownFileType = sourcecode.c.h; path = levmar.h; sourceTree = "<group>"; };
		C78DB09018B25AC5005E7C93 /* lm.c */ = {isa = PBXFileReference; fileEncoding = 4; lastKnownFileType = sourcecode.c.c; path = lm.c; sourceTree = "<group>"; };
		C78DB09118B25AC5005E7C93 /* lm.h */ = {isa = PBXFileReference; fileEncoding = 4; lastKnownFileType = sourcecode.c.h; path = lm.h; sourceTree = "<group>"; };
		C78DB09318B25AC5005E7C93 /* lmbc.c */ = {isa = PBXFileReference; fileEncoding = 4; lastKnownFileType = sourcecode.c.c; path = lmbc.c; sourceTree = "<group>"; };
		C78DB09518B25AC5005E7C93 /* lmblec.c */ = {isa = PBXFileReference; fileEncoding = 4; lastKnownFileType = sourcecode.c.c; path = lmblec.c; sourceTree = "<group>"; };
		C78DB09718B25AC5005E7C93 /* lmbleic.c */ = {isa = PBXFileReference; fileEncoding = 4; lastKnownFileType = sourcecode.c.c; path = lmbleic.c; sourceTree = "<group>"; };
		C78DB09A18B25AC5005E7C93 /* lmlec.c */ = {isa = PBXFileReference; fileEncoding = 4; lastKnownFileType = sourcecode.c.c; path = lmlec.c; sourceTree = "<group>"; };
		C78DB09C18B25AC5005E7C93 /* misc.c */ = {isa = PBXFileReference; fileEncoding = 4; lastKnownFileType = sourcecode.c.c; path = misc.c; sourceTree = "<group>"; };
		C78DB09D18B25AC5005E7C93 /* misc.h */ = {isa = PBXFileReference; fileEncoding = 4; lastKnownFileType = sourcecode.c.h; path = misc.h; sourceTree = "<group>"; };
		C7D9CA413C6640CAB6C6C3F9 /* liblevmar.a */ = {isa = PBXFileReference; explicitFileType = archive.ar; path = liblevmar.a; sourceTree = BUILT_PRODUCTS_DIR; };
/* End PBXFileReference section */

/* Begin PBXFrameworksBuildPhase section */
		C78DB08618B25636005E7C93 /* Frameworks */ = {
			isa = PBXFrameworksBuildPhase;
			buildActionMask = 2147483647;
			files = (
				C78DB08818B2563C005E7C93 /* Accelerate.framework in Frameworks */,
			);
			runOnlyForDeploymentPostprocessing = 0;
		};
/* End PBXFrameworksBuildPhase section */

/* Begin PBXGroup section */
		2CB2CBDC72AD453C88202441 /* Products */ = {
			isa = PBXGroup;
			children = (
				C7D9CA413C6640CAB6C6C3F9 /* liblevmar.a */,
			);
			name = Products;
			sourceTree = "<group>";
		};
		6F3C33957D0C475F86E50D29 /* Sources */ = {
			isa = PBXGroup;
			children = (
				C78DB08A18B25AC5005E7C93 /* levmar */,
			);
			name = Sources;
			sourceTree = "<group>";
		};
		B6AED867CC0B4F4CA2D4853C = {
			isa = PBXGroup;
			children = (
				6F3C33957D0C475F86E50D29 /* Sources */,
				EE2F2D2E32894DFB97C85F99 /* Resources */,
				2CB2CBDC72AD453C88202441 /* Products */,
			);
			sourceTree = "<group>";
		};
		C78DB08A18B25AC5005E7C93 /* levmar */ = {
			isa = PBXGroup;
			children = (
				C78DB08B18B25AC5005E7C93 /* Axb.c */,
				C78DB08D18B25AC5005E7C93 /* compiler.h */,
				C78DB08E18B25AC5005E7C93 /* expfit.c */,
				C78DB08F18B25AC5005E7C93 /* levmar.h */,
				C78DB09018B25AC5005E7C93 /* lm.c */,
				C78DB09118B25AC5005E7C93 /* lm.h */,
				C78DB09318B25AC5005E7C93 /* lmbc.c */,
				C78DB09518B25AC5005E7C93 /* lmblec.c */,
				C78DB09718B25AC5005E7C93 /* lmbleic.c */,
				C78DB09A18B25AC5005E7C93 /* lmlec.c */,
				C78DB09C18B25AC5005E7C93 /* misc.c */,
				C78DB09D18B25AC5005E7C93 /* misc.h */,
			);
			path = levmar;
			sourceTree = "<group>";
		};
		EE2F2D2E32894DFB97C85F99 /* Resources */ = {
			isa = PBXGroup;
			children = (
				C78DB08718B2563C005E7C93 /* Accelerate.framework */,
			);
			name = Resources;
			sourceTree = "<group>";
		};
/* End PBXGroup section */

/* Begin PBXNativeTarget section */
		7AD6FD047E2049E5A2F0DE44 /* levmar */ = {
			isa = PBXNativeTarget;
			buildConfigurationList = 45108E1729B9433D839B59A1 /* Build configuration list for PBXNativeTarget "levmar" */;
			buildPhases = (
				BBF190A1311B42CDAF81407A /* Sources */,
				C78DB08618B25636005E7C93 /* Frameworks */,
			);
			buildRules = (
			);
			dependencies = (
			);
			name = levmar;
			productName = levmar;
			productReference = C7D9CA413C6640CAB6C6C3F9 /* liblevmar.a */;
			productType = "com.apple.product-type.library.static";
		};
/* End PBXNativeTarget section */

/* Begin PBXProject section */
		4101E91DB66F4288916F8A6B /* Project object */ = {
			isa = PBXProject;
			attributes = {
				BuildIndependentTargetsInParallel = YES;
				LastUpgradeCheck = 0500;
			};
			buildConfigurationList = DF9D54DF8E164C4AA8FECCD8 /* Build configuration list for PBXProject "LEVMAR" */;
			compatibilityVersion = "Xcode 3.2";
			developmentRegion = English;
			hasScannedForEncodings = 0;
			knownRegions = (
				en,
			);
			mainGroup = B6AED867CC0B4F4CA2D4853C;
			projectDirPath = "";
			projectRoot = "";
			targets = (
				7AD6FD047E2049E5A2F0DE44 /* levmar */,
			);
		};
/* End PBXProject section */

/* Begin PBXSourcesBuildPhase section */
		BBF190A1311B42CDAF81407A /* Sources */ = {
			isa = PBXSourcesBuildPhase;
			buildActionMask = 2147483647;
			files = (
				C78DB0AD18B25AC5005E7C93 /* misc.c in Sources */,
				C78DB0A618B25AC5005E7C93 /* lmblec.c in Sources */,
				C78DB0A118B25AC5005E7C93 /* expfit.c in Sources */,
				C78DB0AB18B25AC5005E7C93 /* lmlec.c in Sources */,
				C78DB0A218B25AC5005E7C93 /* lm.c in Sources */,
				C78DB09F18B25AC5005E7C93 /* Axb.c in Sources */,
				C78DB0A818B25AC5005E7C93 /* lmbleic.c in Sources */,
				C78DB0A418B25AC5005E7C93 /* lmbc.c in Sources */,
			);
			runOnlyForDeploymentPostprocessing = 0;
		};
/* End PBXSourcesBuildPhase section */

/* Begin XCBuildConfiguration section */
		15595151344547949C03EA32 /* RelWithDebInfo */ = {
			isa = XCBuildConfiguration;
			buildSettings = {
				SDKROOT = iphoneos;
				SUPPORTED_PLATFORMS = "iphonesimulator iphoneos";
				SYMROOT = "/Users/palmerc/Development/LevmarPod/temp/levmar-2.6/build";
			};
			name = RelWithDebInfo;
		};
		2B19C795D8424AC5B995BD1C /* Release */ = {
			isa = XCBuildConfiguration;
			buildSettings = {
				COMBINE_HIDPI_IMAGES = YES;
				EXECUTABLE_PREFIX = lib;
				EXECUTABLE_SUFFIX = .a;
				GCC_GENERATE_DEBUGGING_SYMBOLS = NO;
				GCC_INLINES_ARE_PRIVATE_EXTERN = NO;
				GCC_OPTIMIZATION_LEVEL = 3;
				GCC_SYMBOLS_PRIVATE_EXTERN = NO;
				HEADER_SEARCH_PATHS = "/Users/palmerc/Development/LevmarPod/temp/levmar-2.6";
				INSTALL_PATH = "";
				LIBRARY_STYLE = STATIC;
				OTHER_LDFLAGS = " ";
				OTHER_REZFLAGS = "";
				PRODUCT_NAME = levmar;
				SECTORDER_FLAGS = "";
				SYMROOT = "/Users/palmerc/Development/LevmarPod/temp/levmar-2.6";
				USE_HEADERMAP = NO;
			};
			name = Release;
		};
		37BA71FD10104DBBBAF7049B /* Debug */ = {
			isa = XCBuildConfiguration;
			buildSettings = {
				COMBINE_HIDPI_IMAGES = YES;
				EXECUTABLE_PREFIX = lib;
				EXECUTABLE_SUFFIX = .a;
				GCC_GENERATE_DEBUGGING_SYMBOLS = YES;
				GCC_INLINES_ARE_PRIVATE_EXTERN = NO;
				GCC_OPTIMIZATION_LEVEL = 0;
				GCC_SYMBOLS_PRIVATE_EXTERN = NO;
				HEADER_SEARCH_PATHS = "/Users/palmerc/Development/LevmarPod/temp/levmar-2.6";
				INSTALL_PATH = "";
				LIBRARY_STYLE = STATIC;
				OTHER_LDFLAGS = " ";
				OTHER_REZFLAGS = "";
				PRODUCT_NAME = levmar;
				SECTORDER_FLAGS = "";
				SYMROOT = "/Users/palmerc/Development/LevmarPod/temp/levmar-2.6";
				USE_HEADERMAP = NO;
			};
			name = Debug;
		};
		825BBD34DF864C5E95278028 /* Release */ = {
			isa = XCBuildConfiguration;
			buildSettings = {
				SDKROOT = iphoneos;
				SUPPORTED_PLATFORMS = "iphonesimulator iphoneos";
				SYMROOT = "/Users/palmerc/Development/LevmarPod/temp/levmar-2.6/build";
			};
			name = Release;
		};
		83D0FA71116C481B97776EF1 /* MinSizeRel */ = {
			isa = XCBuildConfiguration;
			buildSettings = {
				COMBINE_HIDPI_IMAGES = YES;
				EXECUTABLE_PREFIX = lib;
				EXECUTABLE_SUFFIX = .a;
				GCC_GENERATE_DEBUGGING_SYMBOLS = NO;
				GCC_INLINES_ARE_PRIVATE_EXTERN = NO;
				GCC_OPTIMIZATION_LEVEL = s;
				GCC_SYMBOLS_PRIVATE_EXTERN = NO;
				HEADER_SEARCH_PATHS = "/Users/palmerc/Development/LevmarPod/temp/levmar-2.6";
				INSTALL_PATH = "";
				LIBRARY_STYLE = STATIC;
				OTHER_LDFLAGS = " ";
				OTHER_REZFLAGS = "";
				PRODUCT_NAME = levmar;
				SECTORDER_FLAGS = "";
				SYMROOT = "/Users/palmerc/Development/LevmarPod/temp/levmar-2.6";
				USE_HEADERMAP = NO;
			};
			name = MinSizeRel;
		};
		AD676CF979974411B291ED2D /* RelWithDebInfo */ = {
			isa = XCBuildConfiguration;
			buildSettings = {
				COMBINE_HIDPI_IMAGES = YES;
				EXECUTABLE_PREFIX = lib;
				EXECUTABLE_SUFFIX = .a;
				GCC_GENERATE_DEBUGGING_SYMBOLS = YES;
				GCC_INLINES_ARE_PRIVATE_EXTERN = NO;
				GCC_OPTIMIZATION_LEVEL = 2;
				GCC_SYMBOLS_PRIVATE_EXTERN = NO;
				HEADER_SEARCH_PATHS = "/Users/palmerc/Development/LevmarPod/temp/levmar-2.6";
				INSTALL_PATH = "";
				LIBRARY_STYLE = STATIC;
				OTHER_LDFLAGS = " ";
				OTHER_REZFLAGS = "";
				PRODUCT_NAME = levmar;
				SECTORDER_FLAGS = "";
				SYMROOT = "/Users/palmerc/Development/LevmarPod/temp/levmar-2.6";
				USE_HEADERMAP = NO;
			};
			name = RelWithDebInfo;
		};
		C5326F5F4CD34829A44F1D95 /* Debug */ = {
			isa = XCBuildConfiguration;
			buildSettings = {
				SDKROOT = iphoneos;
				SUPPORTED_PLATFORMS = "iphonesimulator iphoneos";
				SYMROOT = "/Users/palmerc/Development/LevmarPod/temp/levmar-2.6/build";
			};
			name = Debug;
		};
		F64F81DBBA5744D697FFB663 /* MinSizeRel */ = {
			isa = XCBuildConfiguration;
			buildSettings = {
				SDKROOT = iphoneos;
				SUPPORTED_PLATFORMS = "iphonesimulator iphoneos";
				SYMROOT = "/Users/palmerc/Development/LevmarPod/temp/levmar-2.6/build";
			};
			name = MinSizeRel;
		};
/* End XCBuildConfiguration section */

/* Begin XCConfigurationList section */
		45108E1729B9433D839B59A1 /* Build configuration list for PBXNativeTarget "levmar" */ = {
			isa = XCConfigurationList;
			buildConfigurations = (
				37BA71FD10104DBBBAF7049B /* Debug */,
				2B19C795D8424AC5B995BD1C /* Release */,
				83D0FA71116C481B97776EF1 /* MinSizeRel */,
				AD676CF979974411B291ED2D /* RelWithDebInfo */,
			);
			defaultConfigurationIsVisible = 0;
			defaultConfigurationName = Debug;
		};
		DF9D54DF8E164C4AA8FECCD8 /* Build configuration list for PBXProject "LEVMAR" */ = {
			isa = XCConfigurationList;
			buildConfigurations = (
				C5326F5F4CD34829A44F1D95 /* Debug */,
				825BBD34DF864C5E95278028 /* Release */,
				F64F81DBBA5744D697FFB663 /* MinSizeRel */,
				15595151344547949C03EA32 /* RelWithDebInfo */,
			);
			defaultConfigurationIsVisible = 0;
			defaultConfigurationName = Debug;
		};
/* End XCConfigurationList section */
	};
	rootObject = 4101E91DB66F4288916F8A6B /* Project object */;
}
